
Microsoft Visual Studio Solution File, Format Version 12.00
# Visual Studio Version 17
VisualStudioVersion = 17.5.33502.453
MinimumVisualStudioVersion = 10.0.40219.1
Project("{FAE04EC0-301F-11D3-BF4B-00C04F79EFBC}") = "pract_2", "pract_2\pract_2.csproj", "{F9109798-CE48-48E2-A0F9-C74706DFE31F}"
EndProject
Global
	GlobalSection(SolutionConfigurationPlatforms) = preSolution
		Debug|Any CPU = Debug|Any CPU
		Release|Any CPU = Release|Any CPU
	EndGlobalSection
	GlobalSection(ProjectConfigurationPlatforms) = postSolution
		{F9109798-CE48-48E2-A0F9-C74706DFE31F}.Debug|Any CPU.ActiveCfg = Debug|Any CPU
		{F9109798-CE48-48E2-A0F9-C74706DFE31F}.Debug|Any CPU.Build.0 = Debug|Any CPU
		{F9109798-CE48-48E2-A0F9-C74706DFE31F}.Release|Any CPU.ActiveCfg = Release|Any CPU
		{F9109798-CE48-48E2-A0F9-C74706DFE31F}.Release|Any CPU.Build.0 = Release|Any CPU
	EndGlobalSection
	GlobalSection(SolutionProperties) = preSolution
		HideSolutionNode = FALSE
	EndGlobalSection
	GlobalSection(ExtensibilityGlobals) = postSolution
		SolutionGuid = {02E127F7-CDE2-4528-B49C-E9B807D8A47C}
	EndGlobalSection
EndGlobal
